
Microsoft Visual Studio Solution File, Format Version 12.00
# Visual Studio Version 17
VisualStudioVersion = 17.9.34701.34
MinimumVisualStudioVersion = 10.0.40219.1
Project("{2150E333-8FDC-42A3-9474-1A3956D46DE8}") = "Services", "Services", "{FDB67909-B68D-42B4-8A96-2C5A292A164B}"
EndProject
Project("{2150E333-8FDC-42A3-9474-1A3956D46DE8}") = "Catalog", "Catalog", "{3AF58873-F8C2-4605-87F5-0AA9E324FC18}"
EndProject
Project("{9A19103F-16F7-4668-BE54-9A1E7A4F7556}") = "Catalog.API", "Services\Catalog\Catalog.API\Catalog.API.csproj", "{470E746C-A842-4E82-A6A8-6C522690AEF9}"
	ProjectSection(ProjectDependencies) = postProject
		{897E36D7-704A-4444-A18E-399648AEB2E3} = {897E36D7-704A-4444-A18E-399648AEB2E3}
	EndProjectSection
EndProject
Project("{2150E333-8FDC-42A3-9474-1A3956D46DE8}") = "BuildingBlocks", "BuildingBlocks", "{951C6FE3-CE59-48A4-9D77-EDE1BC64ADC8}"
EndProject
Project("{9A19103F-16F7-4668-BE54-9A1E7A4F7556}") = "BuildingBlocks", "BuildingBlocks\BuildingBlocks\BuildingBlocks.csproj", "{897E36D7-704A-4444-A18E-399648AEB2E3}"
EndProject
Project("{E53339B2-1760-4266-BCC7-CA923CBCF16C}") = "docker-compose", "docker-compose.dcproj", "{E1BEE755-826A-4144-9181-827525EBC609}"
EndProject
Global
	GlobalSection(SolutionConfigurationPlatforms) = preSolution
		Debug|Any CPU = Debug|Any CPU
		Release|Any CPU = Release|Any CPU
	EndGlobalSection
	GlobalSection(ProjectConfigurationPlatforms) = postSolution
		{470E746C-A842-4E82-A6A8-6C522690AEF9}.Debug|Any CPU.ActiveCfg = Debug|Any CPU
		{470E746C-A842-4E82-A6A8-6C522690AEF9}.Debug|Any CPU.Build.0 = Debug|Any CPU
		{470E746C-A842-4E82-A6A8-6C522690AEF9}.Release|Any CPU.ActiveCfg = Release|Any CPU
		{470E746C-A842-4E82-A6A8-6C522690AEF9}.Release|Any CPU.Build.0 = Release|Any CPU
		{897E36D7-704A-4444-A18E-399648AEB2E3}.Debug|Any CPU.ActiveCfg = Debug|Any CPU
		{897E36D7-704A-4444-A18E-399648AEB2E3}.Debug|Any CPU.Build.0 = Debug|Any CPU
		{897E36D7-704A-4444-A18E-399648AEB2E3}.Release|Any CPU.ActiveCfg = Release|Any CPU
		{897E36D7-704A-4444-A18E-399648AEB2E3}.Release|Any CPU.Build.0 = Release|Any CPU
		{E1BEE755-826A-4144-9181-827525EBC609}.Debug|Any CPU.ActiveCfg = Debug|Any CPU
		{E1BEE755-826A-4144-9181-827525EBC609}.Debug|Any CPU.Build.0 = Debug|Any CPU
		{E1BEE755-826A-4144-9181-827525EBC609}.Release|Any CPU.ActiveCfg = Release|Any CPU
		{E1BEE755-826A-4144-9181-827525EBC609}.Release|Any CPU.Build.0 = Release|Any CPU
	EndGlobalSection
	GlobalSection(SolutionProperties) = preSolution
		HideSolutionNode = FALSE
	EndGlobalSection
	GlobalSection(NestedProjects) = preSolution
		{3AF58873-F8C2-4605-87F5-0AA9E324FC18} = {FDB67909-B68D-42B4-8A96-2C5A292A164B}
		{470E746C-A842-4E82-A6A8-6C522690AEF9} = {3AF58873-F8C2-4605-87F5-0AA9E324FC18}
		{897E36D7-704A-4444-A18E-399648AEB2E3} = {951C6FE3-CE59-48A4-9D77-EDE1BC64ADC8}
	EndGlobalSection
	GlobalSection(ExtensibilityGlobals) = postSolution
		SolutionGuid = {F10507C5-C488-4C47-B684-4DE3724F8225}
	EndGlobalSection
EndGlobal
